// !$*UTF8*$!
{
	archiveVersion = 1;
	classes = {
	};
	objectVersion = 46;
	objects = {

/* Begin PBXBuildFile section */
		118E47480F3FBC25FDB4DF48 /* Pods_ruazosi.framework in Frameworks */ = {isa = PBXBuildFile; fileRef = A67834F705D12ADB4FB5339F /* Pods_ruazosi.framework */; };
		12666D68225A2EA7000619C4 /* QuizTableViewCell.swift in Sources */ = {isa = PBXBuildFile; fileRef = 12666D66225A2EA6000619C4 /* QuizTableViewCell.swift */; };
		12666D69225A2EA7000619C4 /* QuizTableViewCell.xib in Resources */ = {isa = PBXBuildFile; fileRef = 12666D67225A2EA6000619C4 /* QuizTableViewCell.xib */; };
		12704EDE22B69AAA00A60907 /* Model.xcdatamodeld in Sources */ = {isa = PBXBuildFile; fileRef = 12704EDC22B69AAA00A60907 /* Model.xcdatamodeld */; };
		12704EEB22B69E6000A60907 /* Question+CoreDataClass.swift in Sources */ = {isa = PBXBuildFile; fileRef = 12704EE722B69E6000A60907 /* Question+CoreDataClass.swift */; };
		12704EEC22B69E6000A60907 /* Question+CoreDataProperties.swift in Sources */ = {isa = PBXBuildFile; fileRef = 12704EE822B69E6000A60907 /* Question+CoreDataProperties.swift */; };
		12704EED22B69E6000A60907 /* Quiz+CoreDataClass.swift in Sources */ = {isa = PBXBuildFile; fileRef = 12704EE922B69E6000A60907 /* Quiz+CoreDataClass.swift */; };
		12704EEE22B69E6000A60907 /* Quiz+CoreDataProperties.swift in Sources */ = {isa = PBXBuildFile; fileRef = 12704EEA22B69E6000A60907 /* Quiz+CoreDataProperties.swift */; };
		12729CC9225FB0F3003A48DD /* QuestionView.swift in Sources */ = {isa = PBXBuildFile; fileRef = 12729CC8225FB0F3003A48DD /* QuestionView.swift */; };
		12729CCB225FB10F003A48DD /* QuestionView.xib in Resources */ = {isa = PBXBuildFile; fileRef = 12729CCA225FB10F003A48DD /* QuestionView.xib */; };
		12B87759228C0C9400417B51 /* LoginViewController.swift in Sources */ = {isa = PBXBuildFile; fileRef = 12B87758228C0C9400417B51 /* LoginViewController.swift */; };
		12DF2E9D22526D1300F313B8 /* QuizListViewControler.swift in Sources */ = {isa = PBXBuildFile; fileRef = 12DF2E9B22526D1300F313B8 /* QuizListViewControler.swift */; };
		12DF2E9E22526D1300F313B8 /* QuizListViewControler.xib in Resources */ = {isa = PBXBuildFile; fileRef = 12DF2E9C22526D1300F313B8 /* QuizListViewControler.xib */; };
		12DF2EA422526EB800F313B8 /* Question.swift in Sources */ = {isa = PBXBuildFile; fileRef = 12DF2EA322526EB800F313B8 /* Question.swift */; };
		12DF2EA6225270BB00F313B8 /* QuizService.swift in Sources */ = {isa = PBXBuildFile; fileRef = 12DF2EA5225270BB00F313B8 /* QuizService.swift */; };
		12DF2EA92252711300F313B8 /* Quiz.swift in Sources */ = {isa = PBXBuildFile; fileRef = 12DF2EA82252711300F313B8 /* Quiz.swift */; };
		1712903C4F1FF4A328E0BE8F /* QuizLeaderboardScore.swift in Sources */ = {isa = PBXBuildFile; fileRef = 1712960BB5BED09B945E43F4 /* QuizLeaderboardScore.swift */; };
		1712911C777DAC4E7567DBF9 /* AppDelegate.swift in Sources */ = {isa = PBXBuildFile; fileRef = 17129E375C8C31B51230F0FE /* AppDelegate.swift */; };
		17129208925F4A7FF62B2C52 /* AuthResponse.swift in Sources */ = {isa = PBXBuildFile; fileRef = 17129761F15194D2863ABF4B /* AuthResponse.swift */; };
		1712930F2D12AD15A50F16F4 /* Assets.xcassets in Resources */ = {isa = PBXBuildFile; fileRef = 171291434F172E271D68DB03 /* Assets.xcassets */; };
		17129416B56A4821E6B257F5 /* QuizType.swift in Sources */ = {isa = PBXBuildFile; fileRef = 17129453254EC5A72D3E65BC /* QuizType.swift */; };
		17129496457D5628F8BF9C24 /* LeaderboardViewController.swift in Sources */ = {isa = PBXBuildFile; fileRef = 171299A03E0493B29654A650 /* LeaderboardViewController.swift */; };
		171294CFEFD4BEBE709A52AC /* QuizViewController.swift in Sources */ = {isa = PBXBuildFile; fileRef = 17129307E3571E2D3C9398CB /* QuizViewController.swift */; };
		171294EC1D9065971809794F /* Router.swift in Sources */ = {isa = PBXBuildFile; fileRef = 17129911EF8D8D2B3A99BEED /* Router.swift */; };
		171294F08CD544FB29650006 /* QuizResult.swift in Sources */ = {isa = PBXBuildFile; fileRef = 1712965A084EDEFEE018E6F2 /* QuizResult.swift */; };
		171295748751E3575570F4D6 /* PlainCollectionViewCell.swift in Sources */ = {isa = PBXBuildFile; fileRef = 17129290C12F2C60339E0C01 /* PlainCollectionViewCell.swift */; };
		171295951D62C9DF9581EB12 /* SettingsViewController.swift in Sources */ = {isa = PBXBuildFile; fileRef = 17129409D424051D5D80117D /* SettingsViewController.swift */; };
		17129BF8E65F70E9FE4D89B6 /* PersistenceService.swift in Sources */ = {isa = PBXBuildFile; fileRef = 17129D9A60F5C90DB2FCE82F /* PersistenceService.swift */; };
		17129C248637BA724EA41701 /* SearchViewController.swift in Sources */ = {isa = PBXBuildFile; fileRef = 17129A68A2A3A59AE0EB77A0 /* SearchViewController.swift */; };
		17129D2F2277CDFF5365B004 /* AuthService.swift in Sources */ = {isa = PBXBuildFile; fileRef = 17129254247C6DDE99CE8F16 /* AuthService.swift */; };
		17129E999AC2013211E477A3 /* DataController.swift in Sources */ = {isa = PBXBuildFile; fileRef = 171295A45906A23DB1786C7C /* DataController.swift */; };
/* End PBXBuildFile section */

/* Begin PBXFileReference section */
		12666D66225A2EA6000619C4 /* QuizTableViewCell.swift */ = {isa = PBXFileReference; lastKnownFileType = sourcecode.swift; path = QuizTableViewCell.swift; sourceTree = "<group>"; };
		12666D67225A2EA6000619C4 /* QuizTableViewCell.xib */ = {isa = PBXFileReference; lastKnownFileType = file.xib; path = QuizTableViewCell.xib; sourceTree = "<group>"; };
		12704EDD22B69AAA00A60907 /* Model.xcdatamodel */ = {isa = PBXFileReference; lastKnownFileType = wrapper.xcdatamodel; path = Model.xcdatamodel; sourceTree = "<group>"; };
		12704EE722B69E6000A60907 /* Question+CoreDataClass.swift */ = {isa = PBXFileReference; lastKnownFileType = sourcecode.swift; path = "Question+CoreDataClass.swift"; sourceTree = "<group>"; };
		12704EE822B69E6000A60907 /* Question+CoreDataProperties.swift */ = {isa = PBXFileReference; lastKnownFileType = sourcecode.swift; path = "Question+CoreDataProperties.swift"; sourceTree = "<group>"; };
		12704EE922B69E6000A60907 /* Quiz+CoreDataClass.swift */ = {isa = PBXFileReference; lastKnownFileType = sourcecode.swift; path = "Quiz+CoreDataClass.swift"; sourceTree = "<group>"; };
		12704EEA22B69E6000A60907 /* Quiz+CoreDataProperties.swift */ = {isa = PBXFileReference; lastKnownFileType = sourcecode.swift; path = "Quiz+CoreDataProperties.swift"; sourceTree = "<group>"; };
		12729CC8225FB0F3003A48DD /* QuestionView.swift */ = {isa = PBXFileReference; lastKnownFileType = sourcecode.swift; path = QuestionView.swift; sourceTree = "<group>"; };
		12729CCA225FB10F003A48DD /* QuestionView.xib */ = {isa = PBXFileReference; lastKnownFileType = file.xib; path = QuestionView.xib; sourceTree = "<group>"; };
		12B87758228C0C9400417B51 /* LoginViewController.swift */ = {isa = PBXFileReference; lastKnownFileType = sourcecode.swift; path = LoginViewController.swift; sourceTree = "<group>"; };
		12DF2E9B22526D1300F313B8 /* QuizListViewControler.swift */ = {isa = PBXFileReference; lastKnownFileType = sourcecode.swift; path = QuizListViewControler.swift; sourceTree = "<group>"; };
		12DF2E9C22526D1300F313B8 /* QuizListViewControler.xib */ = {isa = PBXFileReference; lastKnownFileType = file.xib; path = QuizListViewControler.xib; sourceTree = "<group>"; };
		12DF2EA322526EB800F313B8 /* Question.swift */ = {isa = PBXFileReference; lastKnownFileType = sourcecode.swift; path = Question.swift; sourceTree = "<group>"; };
		12DF2EA5225270BB00F313B8 /* QuizService.swift */ = {isa = PBXFileReference; lastKnownFileType = sourcecode.swift; path = QuizService.swift; sourceTree = "<group>"; };
		12DF2EA82252711300F313B8 /* Quiz.swift */ = {isa = PBXFileReference; lastKnownFileType = sourcecode.swift; path = Quiz.swift; sourceTree = "<group>"; };
		171291434F172E271D68DB03 /* Assets.xcassets */ = {isa = PBXFileReference; lastKnownFileType = folder.assetcatalog; path = Assets.xcassets; sourceTree = "<group>"; };
		17129254247C6DDE99CE8F16 /* AuthService.swift */ = {isa = PBXFileReference; fileEncoding = 4; lastKnownFileType = sourcecode.swift; path = AuthService.swift; sourceTree = "<group>"; };
		17129290C12F2C60339E0C01 /* PlainCollectionViewCell.swift */ = {isa = PBXFileReference; fileEncoding = 4; lastKnownFileType = sourcecode.swift; path = PlainCollectionViewCell.swift; sourceTree = "<group>"; };
		17129307E3571E2D3C9398CB /* QuizViewController.swift */ = {isa = PBXFileReference; fileEncoding = 4; lastKnownFileType = sourcecode.swift; path = QuizViewController.swift; sourceTree = "<group>"; };
		17129409D424051D5D80117D /* SettingsViewController.swift */ = {isa = PBXFileReference; fileEncoding = 4; lastKnownFileType = sourcecode.swift; path = SettingsViewController.swift; sourceTree = "<group>"; };
		17129453254EC5A72D3E65BC /* QuizType.swift */ = {isa = PBXFileReference; fileEncoding = 4; lastKnownFileType = sourcecode.swift; path = QuizType.swift; sourceTree = "<group>"; };
		171295A45906A23DB1786C7C /* DataController.swift */ = {isa = PBXFileReference; fileEncoding = 4; lastKnownFileType = sourcecode.swift; path = DataController.swift; sourceTree = "<group>"; };
		1712960BB5BED09B945E43F4 /* QuizLeaderboardScore.swift */ = {isa = PBXFileReference; fileEncoding = 4; lastKnownFileType = sourcecode.swift; path = QuizLeaderboardScore.swift; sourceTree = "<group>"; };
		1712965A084EDEFEE018E6F2 /* QuizResult.swift */ = {isa = PBXFileReference; fileEncoding = 4; lastKnownFileType = sourcecode.swift; path = QuizResult.swift; sourceTree = "<group>"; };
		17129761F15194D2863ABF4B /* AuthResponse.swift */ = {isa = PBXFileReference; fileEncoding = 4; lastKnownFileType = sourcecode.swift; path = AuthResponse.swift; sourceTree = "<group>"; };
		1712982763D3C161CEECE2BC /* ruazosi.app */ = {isa = PBXFileReference; explicitFileType = wrapper.application; includeInIndex = 0; path = ruazosi.app; sourceTree = BUILT_PRODUCTS_DIR; };
		17129911EF8D8D2B3A99BEED /* Router.swift */ = {isa = PBXFileReference; fileEncoding = 4; lastKnownFileType = sourcecode.swift; path = Router.swift; sourceTree = "<group>"; };
		171299A03E0493B29654A650 /* LeaderboardViewController.swift */ = {isa = PBXFileReference; fileEncoding = 4; lastKnownFileType = sourcecode.swift; path = LeaderboardViewController.swift; sourceTree = "<group>"; };
		17129A68A2A3A59AE0EB77A0 /* SearchViewController.swift */ = {isa = PBXFileReference; fileEncoding = 4; lastKnownFileType = sourcecode.swift; path = SearchViewController.swift; sourceTree = "<group>"; };
		17129C568D41A3F8A5FBD1DE /* Info.plist */ = {isa = PBXFileReference; lastKnownFileType = text.plist.info; path = Info.plist; sourceTree = "<group>"; };
		17129D9A60F5C90DB2FCE82F /* PersistenceService.swift */ = {isa = PBXFileReference; fileEncoding = 4; lastKnownFileType = sourcecode.swift; path = PersistenceService.swift; sourceTree = "<group>"; };
		17129E375C8C31B51230F0FE /* AppDelegate.swift */ = {isa = PBXFileReference; lastKnownFileType = sourcecode.swift; path = AppDelegate.swift; sourceTree = "<group>"; };
		4411AD0EFBEB124716A7CA15 /* Pods-ruazosi.release.xcconfig */ = {isa = PBXFileReference; includeInIndex = 1; lastKnownFileType = text.xcconfig; name = "Pods-ruazosi.release.xcconfig"; path = "Pods/Target Support Files/Pods-ruazosi/Pods-ruazosi.release.xcconfig"; sourceTree = "<group>"; };
		847BDA3EA9166E99A575637C /* Pods-ruazosi.debug.xcconfig */ = {isa = PBXFileReference; includeInIndex = 1; lastKnownFileType = text.xcconfig; name = "Pods-ruazosi.debug.xcconfig"; path = "Pods/Target Support Files/Pods-ruazosi/Pods-ruazosi.debug.xcconfig"; sourceTree = "<group>"; };
		A67834F705D12ADB4FB5339F /* Pods_ruazosi.framework */ = {isa = PBXFileReference; explicitFileType = wrapper.framework; includeInIndex = 0; path = Pods_ruazosi.framework; sourceTree = BUILT_PRODUCTS_DIR; };
/* End PBXFileReference section */

/* Begin PBXFrameworksBuildPhase section */
		17129B5E717E5ED5E5E8EFAB /* Frameworks */ = {
			isa = PBXFrameworksBuildPhase;
			buildActionMask = 2147483647;
			files = (
				118E47480F3FBC25FDB4DF48 /* Pods_ruazosi.framework in Frameworks */,
			);
			runOnlyForDeploymentPostprocessing = 0;
		};
/* End PBXFrameworksBuildPhase section */

/* Begin PBXGroup section */
		12666D6A225A3BCA000619C4 /* extensions */ = {
			isa = PBXGroup;
			children = (
			);
			path = extensions;
			sourceTree = "<group>";
		};
		12DF2E9622526BF300F313B8 /* services */ = {
			isa = PBXGroup;
			children = (
				12DF2EA5225270BB00F313B8 /* QuizService.swift */,
				17129254247C6DDE99CE8F16 /* AuthService.swift */,
				17129D9A60F5C90DB2FCE82F /* PersistenceService.swift */,
			);
			path = services;
			sourceTree = "<group>";
		};
		12DF2E9822526C4A00F313B8 /* views */ = {
			isa = PBXGroup;
			children = (
				12666D66225A2EA6000619C4 /* QuizTableViewCell.swift */,
				12666D67225A2EA6000619C4 /* QuizTableViewCell.xib */,
				12729CC8225FB0F3003A48DD /* QuestionView.swift */,
				12729CCA225FB10F003A48DD /* QuestionView.xib */,
				17129290C12F2C60339E0C01 /* PlainCollectionViewCell.swift */,
			);
			path = views;
			sourceTree = "<group>";
		};
		12DF2E9922526C5200F313B8 /* models */ = {
			isa = PBXGroup;
			children = (
				12704EE722B69E6000A60907 /* Question+CoreDataClass.swift */,
				12704EE822B69E6000A60907 /* Question+CoreDataProperties.swift */,
				12704EE922B69E6000A60907 /* Quiz+CoreDataClass.swift */,
				12704EEA22B69E6000A60907 /* Quiz+CoreDataProperties.swift */,
				12DF2EA322526EB800F313B8 /* Question.swift */,
				12DF2EA82252711300F313B8 /* Quiz.swift */,
				17129453254EC5A72D3E65BC /* QuizType.swift */,
				17129761F15194D2863ABF4B /* AuthResponse.swift */,
				1712965A084EDEFEE018E6F2 /* QuizResult.swift */,
				1712960BB5BED09B945E43F4 /* QuizLeaderboardScore.swift */,
				12704EDC22B69AAA00A60907 /* Model.xcdatamodeld */,
				171295A45906A23DB1786C7C /* DataController.swift */,
			);
			path = models;
			sourceTree = "<group>";
		};
		12DF2E9A22526C5B00F313B8 /* screens */ = {
			isa = PBXGroup;
			children = (
				12DF2E9B22526D1300F313B8 /* QuizListViewControler.swift */,
				12DF2E9C22526D1300F313B8 /* QuizListViewControler.xib */,
				12B87758228C0C9400417B51 /* LoginViewController.swift */,
				17129307E3571E2D3C9398CB /* QuizViewController.swift */,
				17129409D424051D5D80117D /* SettingsViewController.swift */,
				17129A68A2A3A59AE0EB77A0 /* SearchViewController.swift */,
				171299A03E0493B29654A650 /* LeaderboardViewController.swift */,
			);
			path = screens;
			sourceTree = "<group>";
		};
		17129E25445EA05A8AEEDC5B /* Products */ = {
			isa = PBXGroup;
			children = (
				1712982763D3C161CEECE2BC /* ruazosi.app */,
			);
			name = Products;
			sourceTree = "<group>";
		};
		17129E90E7245F3C57702BE7 = {
			isa = PBXGroup;
			children = (
				17129E25445EA05A8AEEDC5B /* Products */,
				17129F2DC450214929767356 /* ruazosi */,
				D18A02D3795A3A5F35B6DADE /* Pods */,
				C2BE4A848804DF87BAB5F714 /* Frameworks */,
			);
			sourceTree = "<group>";
		};
		17129F2DC450214929767356 /* ruazosi */ = {
			isa = PBXGroup;
			children = (
				12666D6A225A3BCA000619C4 /* extensions */,
				12DF2E9A22526C5B00F313B8 /* screens */,
				12DF2E9922526C5200F313B8 /* models */,
				12DF2E9822526C4A00F313B8 /* views */,
				12DF2E9622526BF300F313B8 /* services */,
				17129C568D41A3F8A5FBD1DE /* Info.plist */,
				171291434F172E271D68DB03 /* Assets.xcassets */,
				17129E375C8C31B51230F0FE /* AppDelegate.swift */,
				17129911EF8D8D2B3A99BEED /* Router.swift */,
			);
			path = ruazosi;
			sourceTree = "<group>";
		};
		C2BE4A848804DF87BAB5F714 /* Frameworks */ = {
			isa = PBXGroup;
			children = (
				A67834F705D12ADB4FB5339F /* Pods_ruazosi.framework */,
			);
			name = Frameworks;
			sourceTree = "<group>";
		};
		D18A02D3795A3A5F35B6DADE /* Pods */ = {
			isa = PBXGroup;
			children = (
				847BDA3EA9166E99A575637C /* Pods-ruazosi.debug.xcconfig */,
				4411AD0EFBEB124716A7CA15 /* Pods-ruazosi.release.xcconfig */,
			);
			name = Pods;
			sourceTree = "<group>";
		};
/* End PBXGroup section */

/* Begin PBXNativeTarget section */
		1712986876A36EEAC53240E5 /* ruazosi */ = {
			isa = PBXNativeTarget;
			buildConfigurationList = 171293C236E17EEF70F2BDC4 /* Build configuration list for PBXNativeTarget "ruazosi" */;
			buildPhases = (
				F90B2E23B55110D6FAF91C99 /* [CP] Check Pods Manifest.lock */,
				17129F22A5F5F71A6AA14EAE /* Sources */,
				17129B5E717E5ED5E5E8EFAB /* Frameworks */,
				17129C8846EBBA9641861F15 /* Resources */,
				1CBF2BF0FF90E27D3DF73EAB /* [CP] Embed Pods Frameworks */,
			);
			buildRules = (
			);
			dependencies = (
			);
			name = ruazosi;
			productName = ruazosi;
			productReference = 1712982763D3C161CEECE2BC /* ruazosi.app */;
			productType = "com.apple.product-type.application";
		};
/* End PBXNativeTarget section */

/* Begin PBXProject section */
		171290CD6928ABE7E103FAA8 /* Project object */ = {
			isa = PBXProject;
			attributes = {
				ORGANIZATIONNAME = "Marin Piskač";
			};
			buildConfigurationList = 17129281F8293D50D7249816 /* Build configuration list for PBXProject "ruazosi" */;
			compatibilityVersion = "Xcode 3.2";
			developmentRegion = English;
			hasScannedForEncodings = 0;
			knownRegions = (
				English,
				en,
				Base,
			);
			mainGroup = 17129E90E7245F3C57702BE7;
			productRefGroup = 17129E25445EA05A8AEEDC5B /* Products */;
			projectDirPath = "";
			projectRoot = "";
			targets = (
				1712986876A36EEAC53240E5 /* ruazosi */,
			);
		};
/* End PBXProject section */

/* Begin PBXResourcesBuildPhase section */
		17129C8846EBBA9641861F15 /* Resources */ = {
			isa = PBXResourcesBuildPhase;
			buildActionMask = 2147483647;
			files = (
				1712930F2D12AD15A50F16F4 /* Assets.xcassets in Resources */,
				12729CCB225FB10F003A48DD /* QuestionView.xib in Resources */,
				12DF2E9E22526D1300F313B8 /* QuizListViewControler.xib in Resources */,
				12666D69225A2EA7000619C4 /* QuizTableViewCell.xib in Resources */,
			);
			runOnlyForDeploymentPostprocessing = 0;
		};
/* End PBXResourcesBuildPhase section */

/* Begin PBXShellScriptBuildPhase section */
		1CBF2BF0FF90E27D3DF73EAB /* [CP] Embed Pods Frameworks */ = {
			isa = PBXShellScriptBuildPhase;
			buildActionMask = 2147483647;
			files = (
			);
			inputFileListPaths = (
			);
			inputPaths = (
				"${SRCROOT}/Pods/Target Support Files/Pods-ruazosi/Pods-ruazosi-frameworks.sh",
				"${BUILT_PRODUCTS_DIR}/Kingfisher/Kingfisher.framework",
				"${BUILT_PRODUCTS_DIR}/PureLayout/PureLayout.framework",
			);
			name = "[CP] Embed Pods Frameworks";
			outputFileListPaths = (
			);
			outputPaths = (
				"${TARGET_BUILD_DIR}/${FRAMEWORKS_FOLDER_PATH}/Kingfisher.framework",
				"${TARGET_BUILD_DIR}/${FRAMEWORKS_FOLDER_PATH}/PureLayout.framework",
			);
			runOnlyForDeploymentPostprocessing = 0;
			shellPath = /bin/sh;
			shellScript = "\"${SRCROOT}/Pods/Target Support Files/Pods-ruazosi/Pods-ruazosi-frameworks.sh\"\n";
			showEnvVarsInLog = 0;
		};
		F90B2E23B55110D6FAF91C99 /* [CP] Check Pods Manifest.lock */ = {
			isa = PBXShellScriptBuildPhase;
			buildActionMask = 2147483647;
			files = (
			);
			inputFileListPaths = (
			);
			inputPaths = (
				"${PODS_PODFILE_DIR_PATH}/Podfile.lock",
				"${PODS_ROOT}/Manifest.lock",
			);
			name = "[CP] Check Pods Manifest.lock";
			outputFileListPaths = (
			);
			outputPaths = (
				"$(DERIVED_FILE_DIR)/Pods-ruazosi-checkManifestLockResult.txt",
			);
			runOnlyForDeploymentPostprocessing = 0;
			shellPath = /bin/sh;
			shellScript = "diff \"${PODS_PODFILE_DIR_PATH}/Podfile.lock\" \"${PODS_ROOT}/Manifest.lock\" > /dev/null\nif [ $? != 0 ] ; then\n    # print error to STDERR\n    echo \"error: The sandbox is not in sync with the Podfile.lock. Run 'pod install' or update your CocoaPods installation.\" >&2\n    exit 1\nfi\n# This output is used by Xcode 'outputs' to avoid re-running this script phase.\necho \"SUCCESS\" > \"${SCRIPT_OUTPUT_FILE_0}\"\n";
			showEnvVarsInLog = 0;
		};
/* End PBXShellScriptBuildPhase section */

/* Begin PBXSourcesBuildPhase section */
		17129F22A5F5F71A6AA14EAE /* Sources */ = {
			isa = PBXSourcesBuildPhase;
			buildActionMask = 2147483647;
			files = (
				12666D68225A2EA7000619C4 /* QuizTableViewCell.swift in Sources */,
				12704EEC22B69E6000A60907 /* Question+CoreDataProperties.swift in Sources */,
				12DF2EA422526EB800F313B8 /* Question.swift in Sources */,
				12DF2EA92252711300F313B8 /* Quiz.swift in Sources */,
				12704EEB22B69E6000A60907 /* Question+CoreDataClass.swift in Sources */,
				12DF2E9D22526D1300F313B8 /* QuizListViewControler.swift in Sources */,
				12DF2EA6225270BB00F313B8 /* QuizService.swift in Sources */,
				1712911C777DAC4E7567DBF9 /* AppDelegate.swift in Sources */,
				12704EED22B69E6000A60907 /* Quiz+CoreDataClass.swift in Sources */,
				12729CC9225FB0F3003A48DD /* QuestionView.swift in Sources */,
				12B87759228C0C9400417B51 /* LoginViewController.swift in Sources */,
				17129416B56A4821E6B257F5 /* QuizType.swift in Sources */,
				17129D2F2277CDFF5365B004 /* AuthService.swift in Sources */,
				17129208925F4A7FF62B2C52 /* AuthResponse.swift in Sources */,
				17129BF8E65F70E9FE4D89B6 /* PersistenceService.swift in Sources */,
				171294EC1D9065971809794F /* Router.swift in Sources */,
				171294CFEFD4BEBE709A52AC /* QuizViewController.swift in Sources */,
				12704EEE22B69E6000A60907 /* Quiz+CoreDataProperties.swift in Sources */,
				171294F08CD544FB29650006 /* QuizResult.swift in Sources */,
				171295951D62C9DF9581EB12 /* SettingsViewController.swift in Sources */,
				17129C248637BA724EA41701 /* SearchViewController.swift in Sources */,
				12704EDE22B69AAA00A60907 /* Model.xcdatamodeld in Sources */,
				17129496457D5628F8BF9C24 /* LeaderboardViewController.swift in Sources */,
				1712903C4F1FF4A328E0BE8F /* QuizLeaderboardScore.swift in Sources */,
				171295748751E3575570F4D6 /* PlainCollectionViewCell.swift in Sources */,
				17129E999AC2013211E477A3 /* DataController.swift in Sources */,
			);
			runOnlyForDeploymentPostprocessing = 0;
		};
/* End PBXSourcesBuildPhase section */

/* Begin XCBuildConfiguration section */
		17129195FDF9A486CDF4A49D /* Debug */ = {
			isa = XCBuildConfiguration;
			baseConfigurationReference = 847BDA3EA9166E99A575637C /* Pods-ruazosi.debug.xcconfig */;
			buildSettings = {
				ASSETCATALOG_COMPILER_APPICON_NAME = AppIcon;
				INFOPLIST_FILE = ruazosi/Info.plist;
				LD_RUNPATH_SEARCH_PATHS = "$(inherited) @executable_path/Frameworks";
				PRODUCT_BUNDLE_IDENTIFIER = marinpiskac.ruazosi;
				PRODUCT_NAME = "$(TARGET_NAME)";
				SWIFT_VERSION = 5.0;
				TARGETED_DEVICE_FAMILY = "1,2";
			};
			name = Debug;
		};
		171291B202D0212DD75E3366 /* Release */ = {
			isa = XCBuildConfiguration;
			buildSettings = {
				ALWAYS_SEARCH_USER_PATHS = NO;
				CLANG_ANALYZER_NONNULL = YES;
				CLANG_ANALYZER_NUMBER_OBJECT_CONVERSION = YES_AGGRESSIVE;
				CLANG_CXX_LANGUAGE_STANDARD = "gnu++14";
				CLANG_CXX_LIBRARY = "libc++";
				CLANG_ENABLE_MODULES = YES;
				CLANG_ENABLE_OBJC_ARC = YES;
				CLANG_ENABLE_OBJC_WEAK = YES;
				CLANG_WARN_BLOCK_CAPTURE_AUTORELEASING = YES;
				CLANG_WARN_BOOL_CONVERSION = YES;
				CLANG_WARN_COMMA = YES;
				CLANG_WARN_CONSTANT_CONVERSION = YES;
				CLANG_WARN_DEPRECATED_OBJC_IMPLEMENTATIONS = YES;
				CLANG_WARN_DIRECT_OBJC_ISA_USAGE = YES_ERROR;
				CLANG_WARN_DOCUMENTATION_COMMENTS = YES;
				CLANG_WARN_EMPTY_BODY = YES;
				CLANG_WARN_ENUM_CONVERSION = YES;
				CLANG_WARN_INFINITE_RECURSION = YES;
				CLANG_WARN_INT_CONVERSION = YES;
				CLANG_WARN_NON_LITERAL_NULL_CONVERSION = YES;
				CLANG_WARN_OBJC_IMPLICIT_RETAIN_SELF = YES;
				CLANG_WARN_OBJC_LITERAL_CONVERSION = YES;
				CLANG_WARN_OBJC_ROOT_CLASS = YES_ERROR;
				CLANG_WARN_RANGE_LOOP_ANALYSIS = YES;
				CLANG_WARN_STRICT_PROTOTYPES = YES;
				CLANG_WARN_SUSPICIOUS_MOVE = YES;
				CLANG_WARN_UNGUARDED_AVAILABILITY = YES_AGGRESSIVE;
				CLANG_WARN_UNREACHABLE_CODE = YES;
				CLANG_WARN__DUPLICATE_METHOD_MATCH = YES;
				CODE_SIGN_IDENTITY = "iPhone Developer";
				COPY_PHASE_STRIP = NO;
				DEBUG_INFORMATION_FORMAT = "dwarf-with-dsym";
				ENABLE_NS_ASSERTIONS = NO;
				ENABLE_STRICT_OBJC_MSGSEND = YES;
				GCC_C_LANGUAGE_STANDARD = gnu11;
				GCC_NO_COMMON_BLOCKS = YES;
				GCC_WARN_64_TO_32_BIT_CONVERSION = YES;
				GCC_WARN_ABOUT_RETURN_TYPE = YES_ERROR;
				GCC_WARN_UNDECLARED_SELECTOR = YES;
				GCC_WARN_UNINITIALIZED_AUTOS = YES_AGGRESSIVE;
				GCC_WARN_UNUSED_FUNCTION = YES;
				GCC_WARN_UNUSED_VARIABLE = YES;
				IPHONEOS_DEPLOYMENT_TARGET = 12.2;
				MTL_ENABLE_DEBUG_INFO = NO;
				MTL_FAST_MATH = YES;
				SDKROOT = iphoneos;
				SWIFT_OPTIMIZATION_LEVEL = "-Owholemodule";
				VALIDATE_PRODUCT = YES;
			};
			name = Release;
		};
		17129B605B094E8AE1E42AA0 /* Release */ = {
			isa = XCBuildConfiguration;
			baseConfigurationReference = 4411AD0EFBEB124716A7CA15 /* Pods-ruazosi.release.xcconfig */;
			buildSettings = {
				ASSETCATALOG_COMPILER_APPICON_NAME = AppIcon;
				INFOPLIST_FILE = ruazosi/Info.plist;
				LD_RUNPATH_SEARCH_PATHS = "$(inherited) @executable_path/Frameworks";
				PRODUCT_BUNDLE_IDENTIFIER = marinpiskac.ruazosi;
				PRODUCT_NAME = "$(TARGET_NAME)";
				SWIFT_VERSION = 5.0;
				TARGETED_DEVICE_FAMILY = "1,2";
			};
			name = Release;
		};
		17129CE1F6C75570BE0AD09A /* Debug */ = {
			isa = XCBuildConfiguration;
			buildSettings = {
				ALWAYS_SEARCH_USER_PATHS = NO;
				CLANG_ANALYZER_NONNULL = YES;
				CLANG_ANALYZER_NUMBER_OBJECT_CONVERSION = YES_AGGRESSIVE;
				CLANG_CXX_LANGUAGE_STANDARD = "gnu++14";
				CLANG_CXX_LIBRARY = "libc++";
				CLANG_ENABLE_MODULES = YES;
				CLANG_ENABLE_OBJC_ARC = YES;
				CLANG_ENABLE_OBJC_WEAK = YES;
				CLANG_WARN_BLOCK_CAPTURE_AUTORELEASING = YES;
				CLANG_WARN_BOOL_CONVERSION = YES;
				CLANG_WARN_COMMA = YES;
				CLANG_WARN_CONSTANT_CONVERSION = YES;
				CLANG_WARN_DEPRECATED_OBJC_IMPLEMENTATIONS = YES;
				CLANG_WARN_DIRECT_OBJC_ISA_USAGE = YES_ERROR;
				CLANG_WARN_DOCUMENTATION_COMMENTS = YES;
				CLANG_WARN_EMPTY_BODY = YES;
				CLANG_WARN_ENUM_CONVERSION = YES;
				CLANG_WARN_INFINITE_RECURSION = YES;
				CLANG_WARN_INT_CONVERSION = YES;
				CLANG_WARN_NON_LITERAL_NULL_CONVERSION = YES;
				CLANG_WARN_OBJC_IMPLICIT_RETAIN_SELF = YES;
				CLANG_WARN_OBJC_LITERAL_CONVERSION = YES;
				CLANG_WARN_OBJC_ROOT_CLASS = YES_ERROR;
				CLANG_WARN_RANGE_LOOP_ANALYSIS = YES;
				CLANG_WARN_STRICT_PROTOTYPES = YES;
				CLANG_WARN_SUSPICIOUS_MOVE = YES;
				CLANG_WARN_UNGUARDED_AVAILABILITY = YES_AGGRESSIVE;
				CLANG_WARN_UNREACHABLE_CODE = YES;
				CLANG_WARN__DUPLICATE_METHOD_MATCH = YES;
				CODE_SIGN_IDENTITY = "iPhone Developer";
				COPY_PHASE_STRIP = NO;
				DEBUG_INFORMATION_FORMAT = dwarf;
				ENABLE_STRICT_OBJC_MSGSEND = YES;
				ENABLE_TESTABILITY = YES;
				GCC_C_LANGUAGE_STANDARD = gnu11;
				GCC_DYNAMIC_NO_PIC = NO;
				GCC_NO_COMMON_BLOCKS = YES;
				GCC_OPTIMIZATION_LEVEL = 0;
				GCC_PREPROCESSOR_DEFINITIONS = (
					"DEBUG=1",
					"$(inherited)",
				);
				GCC_WARN_64_TO_32_BIT_CONVERSION = YES;
				GCC_WARN_ABOUT_RETURN_TYPE = YES_ERROR;
				GCC_WARN_UNDECLARED_SELECTOR = YES;
				GCC_WARN_UNINITIALIZED_AUTOS = YES_AGGRESSIVE;
				GCC_WARN_UNUSED_FUNCTION = YES;
				GCC_WARN_UNUSED_VARIABLE = YES;
				IPHONEOS_DEPLOYMENT_TARGET = 12.2;
				MTL_ENABLE_DEBUG_INFO = INCLUDE_SOURCE;
				MTL_FAST_MATH = YES;
				ONLY_ACTIVE_ARCH = YES;
				SDKROOT = iphoneos;
				SWIFT_ACTIVE_COMPILATION_CONDITIONS = DEBUG;
				SWIFT_OPTIMIZATION_LEVEL = "-Onone";
			};
			name = Debug;
		};
/* End XCBuildConfiguration section */

/* Begin XCConfigurationList section */
		17129281F8293D50D7249816 /* Build configuration list for PBXProject "ruazosi" */ = {
			isa = XCConfigurationList;
			buildConfigurations = (
				17129CE1F6C75570BE0AD09A /* Debug */,
				171291B202D0212DD75E3366 /* Release */,
			);
			defaultConfigurationIsVisible = 0;
			defaultConfigurationName = Release;
		};
		171293C236E17EEF70F2BDC4 /* Build configuration list for PBXNativeTarget "ruazosi" */ = {
			isa = XCConfigurationList;
			buildConfigurations = (
				17129195FDF9A486CDF4A49D /* Debug */,
				17129B605B094E8AE1E42AA0 /* Release */,
			);
			defaultConfigurationIsVisible = 0;
			defaultConfigurationName = Release;
		};
/* End XCConfigurationList section */

/* Begin XCVersionGroup section */
		12704EDC22B69AAA00A60907 /* Model.xcdatamodeld */ = {
			isa = XCVersionGroup;
			children = (
				12704EDD22B69AAA00A60907 /* Model.xcdatamodel */,
			);
			currentVersion = 12704EDD22B69AAA00A60907 /* Model.xcdatamodel */;
			path = Model.xcdatamodeld;
			sourceTree = "<group>";
			versionGroupType = wrapper.xcdatamodel;
		};
/* End XCVersionGroup section */
	};
	rootObject = 171290CD6928ABE7E103FAA8 /* Project object */;
}
